
Microsoft Visual Studio Solution File, Format Version 12.00
# Visual Studio Version 16
VisualStudioVersion = 16.0.32002.261
MinimumVisualStudioVersion = 10.0.40219.1
Project("{FAE04EC0-301F-11D3-BF4B-00C04F79EFBC}") = "RestaurantRater", "RestaurantRater\RestaurantRater.csproj", "{1847AF84-1369-46D1-B4E7-7FBC3E5EADAF}"
EndProject
Global
	GlobalSection(SolutionConfigurationPlatforms) = preSolution
		Debug|Any CPU = Debug|Any CPU
		Release|Any CPU = Release|Any CPU
	EndGlobalSection
	GlobalSection(ProjectConfigurationPlatforms) = postSolution
		{1847AF84-1369-46D1-B4E7-7FBC3E5EADAF}.Debug|Any CPU.ActiveCfg = Debug|Any CPU
		{1847AF84-1369-46D1-B4E7-7FBC3E5EADAF}.Debug|Any CPU.Build.0 = Debug|Any CPU
		{1847AF84-1369-46D1-B4E7-7FBC3E5EADAF}.Release|Any CPU.ActiveCfg = Release|Any CPU
		{1847AF84-1369-46D1-B4E7-7FBC3E5EADAF}.Release|Any CPU.Build.0 = Release|Any CPU
	EndGlobalSection
	GlobalSection(SolutionProperties) = preSolution
		HideSolutionNode = FALSE
	EndGlobalSection
	GlobalSection(ExtensibilityGlobals) = postSolution
		SolutionGuid = {4944023A-EF1B-416B-88A9-03FB7DDB847A}
	EndGlobalSection
EndGlobal
